
Microsoft Visual Studio Solution File, Format Version 12.00
# Visual Studio Version 16
VisualStudioVersion = 16.0.29319.158
MinimumVisualStudioVersion = 10.0.40219.1
Project("{FAE04EC0-301F-11D3-BF4B-00C04F79EFBC}") = "Alien Isolation Mod Manager", "Alien Isolation Mod Manager.csproj", "{8FC5FAFF-F5C5-4187-B0A2-FA9239993E43}"
EndProject
Global
	GlobalSection(SolutionConfigurationPlatforms) = preSolution
		Debug|Any CPU = Debug|Any CPU
		Release|Any CPU = Release|Any CPU
	EndGlobalSection
	GlobalSection(ProjectConfigurationPlatforms) = postSolution
		{8FC5FAFF-F5C5-4187-B0A2-FA9239993E43}.Debug|Any CPU.ActiveCfg = Debug|Any CPU
		{8FC5FAFF-F5C5-4187-B0A2-FA9239993E43}.Debug|Any CPU.Build.0 = Debug|Any CPU
		{8FC5FAFF-F5C5-4187-B0A2-FA9239993E43}.Release|Any CPU.ActiveCfg = Release|Any CPU
		{8FC5FAFF-F5C5-4187-B0A2-FA9239993E43}.Release|Any CPU.Build.0 = Release|Any CPU
	EndGlobalSection
	GlobalSection(SolutionProperties) = preSolution
		HideSolutionNode = FALSE
	EndGlobalSection
	GlobalSection(ExtensibilityGlobals) = postSolution
		SolutionGuid = {691984EE-25B3-4955-A42B-258D3BA719D7}
	EndGlobalSection
EndGlobal
